
Microsoft Visual Studio Solution File, Format Version 12.00
# Visual Studio Version 17
VisualStudioVersion = 17.2.32630.192
MinimumVisualStudioVersion = 10.0.40219.1
Project("{9A19103F-16F7-4668-BE54-9A1E7A4F7556}") = "MVC Project", "MVC Project\MVC Project.csproj", "{FE7FD9AF-AE50-4F5A-901A-3BF2E737E2E5}"
EndProject
Project("{9A19103F-16F7-4668-BE54-9A1E7A4F7556}") = "Core", "Core\Core.csproj", "{E59A4DA7-0CE6-45DC-BA90-AE0045820464}"
EndProject
Project("{9A19103F-16F7-4668-BE54-9A1E7A4F7556}") = "Infrastructure", "Infrastructure\Infrastructure.csproj", "{CD5D328C-F84C-4DA8-BC8E-C0A9DEC7A8D0}"
EndProject
Project("{FAE04EC0-301F-11D3-BF4B-00C04F79EFBC}") = "AsyncConsole", "AsyncConsole\AsyncConsole.csproj", "{C74807A1-9C61-4F86-A9A6-BAE29544532D}"
EndProject
Project("{FAE04EC0-301F-11D3-BF4B-00C04F79EFBC}") = "AsyncConsole2", "AsyncConsole2\AsyncConsole2.csproj", "{989A7086-E58C-467D-BA63-9B19EA75CA98}"
EndProject
Global
	GlobalSection(SolutionConfigurationPlatforms) = preSolution
		Debug|Any CPU = Debug|Any CPU
		Release|Any CPU = Release|Any CPU
	EndGlobalSection
	GlobalSection(ProjectConfigurationPlatforms) = postSolution
		{FE7FD9AF-AE50-4F5A-901A-3BF2E737E2E5}.Debug|Any CPU.ActiveCfg = Debug|Any CPU
		{FE7FD9AF-AE50-4F5A-901A-3BF2E737E2E5}.Debug|Any CPU.Build.0 = Debug|Any CPU
		{FE7FD9AF-AE50-4F5A-901A-3BF2E737E2E5}.Release|Any CPU.ActiveCfg = Release|Any CPU
		{FE7FD9AF-AE50-4F5A-901A-3BF2E737E2E5}.Release|Any CPU.Build.0 = Release|Any CPU
		{E59A4DA7-0CE6-45DC-BA90-AE0045820464}.Debug|Any CPU.ActiveCfg = Debug|Any CPU
		{E59A4DA7-0CE6-45DC-BA90-AE0045820464}.Debug|Any CPU.Build.0 = Debug|Any CPU
		{E59A4DA7-0CE6-45DC-BA90-AE0045820464}.Release|Any CPU.ActiveCfg = Release|Any CPU
		{E59A4DA7-0CE6-45DC-BA90-AE0045820464}.Release|Any CPU.Build.0 = Release|Any CPU
		{CD5D328C-F84C-4DA8-BC8E-C0A9DEC7A8D0}.Debug|Any CPU.ActiveCfg = Debug|Any CPU
		{CD5D328C-F84C-4DA8-BC8E-C0A9DEC7A8D0}.Debug|Any CPU.Build.0 = Debug|Any CPU
		{CD5D328C-F84C-4DA8-BC8E-C0A9DEC7A8D0}.Release|Any CPU.ActiveCfg = Release|Any CPU
		{CD5D328C-F84C-4DA8-BC8E-C0A9DEC7A8D0}.Release|Any CPU.Build.0 = Release|Any CPU
		{C74807A1-9C61-4F86-A9A6-BAE29544532D}.Debug|Any CPU.ActiveCfg = Debug|Any CPU
		{C74807A1-9C61-4F86-A9A6-BAE29544532D}.Debug|Any CPU.Build.0 = Debug|Any CPU
		{C74807A1-9C61-4F86-A9A6-BAE29544532D}.Release|Any CPU.ActiveCfg = Release|Any CPU
		{C74807A1-9C61-4F86-A9A6-BAE29544532D}.Release|Any CPU.Build.0 = Release|Any CPU
		{989A7086-E58C-467D-BA63-9B19EA75CA98}.Debug|Any CPU.ActiveCfg = Debug|Any CPU
		{989A7086-E58C-467D-BA63-9B19EA75CA98}.Debug|Any CPU.Build.0 = Debug|Any CPU
		{989A7086-E58C-467D-BA63-9B19EA75CA98}.Release|Any CPU.ActiveCfg = Release|Any CPU
		{989A7086-E58C-467D-BA63-9B19EA75CA98}.Release|Any CPU.Build.0 = Release|Any CPU
	EndGlobalSection
	GlobalSection(SolutionProperties) = preSolution
		HideSolutionNode = FALSE
	EndGlobalSection
	GlobalSection(ExtensibilityGlobals) = postSolution
		SolutionGuid = {F2912BF1-A36B-43BD-9019-9BCD063610A1}
	EndGlobalSection
EndGlobal
